// !$*UTF8*$!
{
	archiveVersion = 1;
	classes = {
	};
	objectVersion = 55;
	objects = {

/* Begin PBXBuildFile section */
		C68557222838C03200594C6F /* AppDelegate.swift in Sources */ = {isa = PBXBuildFile; fileRef = C68557212838C03200594C6F /* AppDelegate.swift */; };
		C68557242838C03200594C6F /* SceneDelegate.swift in Sources */ = {isa = PBXBuildFile; fileRef = C68557232838C03200594C6F /* SceneDelegate.swift */; };
		C68557262838C03200594C6F /* MainViewController.swift in Sources */ = {isa = PBXBuildFile; fileRef = C68557252838C03200594C6F /* MainViewController.swift */; };
		C68557292838C03200594C6F /* Main.storyboard in Resources */ = {isa = PBXBuildFile; fileRef = C68557272838C03200594C6F /* Main.storyboard */; };
		C685572C2838C03200594C6F /* paperAirplane.xcdatamodeld in Sources */ = {isa = PBXBuildFile; fileRef = C685572A2838C03200594C6F /* paperAirplane.xcdatamodeld */; };
		C685572E2838C03500594C6F /* Assets.xcassets in Resources */ = {isa = PBXBuildFile; fileRef = C685572D2838C03500594C6F /* Assets.xcassets */; };
		C68557312838C03600594C6F /* LaunchScreen.storyboard in Resources */ = {isa = PBXBuildFile; fileRef = C685572F2838C03600594C6F /* LaunchScreen.storyboard */; };
		C68557402838C61D00594C6F /* Constants.swift in Sources */ = {isa = PBXBuildFile; fileRef = C685573F2838C61D00594C6F /* Constants.swift */; };
		C68557432838C74F00594C6F /* VCExtension.swift in Sources */ = {isa = PBXBuildFile; fileRef = C68557422838C74F00594C6F /* VCExtension.swift */; };
		C68557452838C7B400594C6F /* DeviceConfig.swift in Sources */ = {isa = PBXBuildFile; fileRef = C68557442838C7B400594C6F /* DeviceConfig.swift */; };
		C68557472838C85A00594C6F /* LabelExtension.swift in Sources */ = {isa = PBXBuildFile; fileRef = C68557462838C85A00594C6F /* LabelExtension.swift */; };
		C68557492838C90900594C6F /* TextFieldExtension.swift in Sources */ = {isa = PBXBuildFile; fileRef = C68557482838C90900594C6F /* TextFieldExtension.swift */; };
		C685574B2838CCAE00594C6F /* StartViewController.swift in Sources */ = {isa = PBXBuildFile; fileRef = C685574A2838CCAE00594C6F /* StartViewController.swift */; };
/* End PBXBuildFile section */

/* Begin PBXFileReference section */
		C685571E2838C03200594C6F /* paperAirplane.app */ = {isa = PBXFileReference; explicitFileType = wrapper.application; includeInIndex = 0; path = paperAirplane.app; sourceTree = BUILT_PRODUCTS_DIR; };
		C68557212838C03200594C6F /* AppDelegate.swift */ = {isa = PBXFileReference; lastKnownFileType = sourcecode.swift; path = AppDelegate.swift; sourceTree = "<group>"; };
		C68557232838C03200594C6F /* SceneDelegate.swift */ = {isa = PBXFileReference; lastKnownFileType = sourcecode.swift; path = SceneDelegate.swift; sourceTree = "<group>"; };
		C68557252838C03200594C6F /* MainViewController.swift */ = {isa = PBXFileReference; lastKnownFileType = sourcecode.swift; path = MainViewController.swift; sourceTree = "<group>"; };
		C68557282838C03200594C6F /* Base */ = {isa = PBXFileReference; lastKnownFileType = file.storyboard; name = Base; path = Base.lproj/Main.storyboard; sourceTree = "<group>"; };
		C685572B2838C03200594C6F /* paperAirplane.xcdatamodel */ = {isa = PBXFileReference; lastKnownFileType = wrapper.xcdatamodel; path = paperAirplane.xcdatamodel; sourceTree = "<group>"; };
		C685572D2838C03500594C6F /* Assets.xcassets */ = {isa = PBXFileReference; lastKnownFileType = folder.assetcatalog; path = Assets.xcassets; sourceTree = "<group>"; };
		C68557302838C03600594C6F /* Base */ = {isa = PBXFileReference; lastKnownFileType = file.storyboard; name = Base; path = Base.lproj/LaunchScreen.storyboard; sourceTree = "<group>"; };
		C68557322838C03600594C6F /* Info.plist */ = {isa = PBXFileReference; lastKnownFileType = text.plist.xml; path = Info.plist; sourceTree = "<group>"; };
		C685573F2838C61D00594C6F /* Constants.swift */ = {isa = PBXFileReference; lastKnownFileType = sourcecode.swift; path = Constants.swift; sourceTree = "<group>"; };
		C68557422838C74F00594C6F /* VCExtension.swift */ = {isa = PBXFileReference; lastKnownFileType = sourcecode.swift; path = VCExtension.swift; sourceTree = "<group>"; };
		C68557442838C7B400594C6F /* DeviceConfig.swift */ = {isa = PBXFileReference; lastKnownFileType = sourcecode.swift; path = DeviceConfig.swift; sourceTree = "<group>"; };
		C68557462838C85A00594C6F /* LabelExtension.swift */ = {isa = PBXFileReference; lastKnownFileType = sourcecode.swift; path = LabelExtension.swift; sourceTree = "<group>"; };
		C68557482838C90900594C6F /* TextFieldExtension.swift */ = {isa = PBXFileReference; lastKnownFileType = sourcecode.swift; path = TextFieldExtension.swift; sourceTree = "<group>"; };
		C685574A2838CCAE00594C6F /* StartViewController.swift */ = {isa = PBXFileReference; lastKnownFileType = sourcecode.swift; path = StartViewController.swift; sourceTree = "<group>"; };
		C685574D2838CD1800594C6F /* RIDIBatang.otf */ = {isa = PBXFileReference; lastKnownFileType = file; path = RIDIBatang.otf; sourceTree = "<group>"; };
/* End PBXFileReference section */

/* Begin PBXFrameworksBuildPhase section */
		C685571B2838C03200594C6F /* Frameworks */ = {
			isa = PBXFrameworksBuildPhase;
			buildActionMask = 2147483647;
			files = (
			);
			runOnlyForDeploymentPostprocessing = 0;
		};
/* End PBXFrameworksBuildPhase section */

/* Begin PBXGroup section */
		C68557152838C03200594C6F = {
			isa = PBXGroup;
			children = (
				C68557202838C03200594C6F /* paperAirplane */,
				C685571F2838C03200594C6F /* Products */,
			);
			sourceTree = "<group>";
		};
		C685571F2838C03200594C6F /* Products */ = {
			isa = PBXGroup;
			children = (
				C685571E2838C03200594C6F /* paperAirplane.app */,
			);
			name = Products;
			sourceTree = "<group>";
		};
		C68557202838C03200594C6F /* paperAirplane */ = {
			isa = PBXGroup;
			children = (
				C68557212838C03200594C6F /* AppDelegate.swift */,
				C68557232838C03200594C6F /* SceneDelegate.swift */,
				C68557382838C58600594C6F /* Resource */,
				C685573C2838C5BD00594C6F /* Helpers */,
				C685573B2838C5B200594C6F /* View */,
				C685573A2838C5A100594C6F /* ViewController */,
				C68557392838C59700594C6F /* Model */,
				C685572D2838C03500594C6F /* Assets.xcassets */,
				C68557322838C03600594C6F /* Info.plist */,
				C685572A2838C03200594C6F /* paperAirplane.xcdatamodeld */,
			);
			path = paperAirplane;
			sourceTree = "<group>";
		};
		C68557382838C58600594C6F /* Resource */ = {
			isa = PBXGroup;
			children = (
				C685574C2838CD0000594C6F /* Fonts */,
			);
			path = Resource;
			sourceTree = "<group>";
		};
		C68557392838C59700594C6F /* Model */ = {
			isa = PBXGroup;
			children = (
			);
			path = Model;
			sourceTree = "<group>";
		};
		C685573A2838C5A100594C6F /* ViewController */ = {
			isa = PBXGroup;
			children = (
				C685574A2838CCAE00594C6F /* StartViewController.swift */,
				C68557252838C03200594C6F /* MainViewController.swift */,
			);
			path = ViewController;
			sourceTree = "<group>";
		};
		C685573B2838C5B200594C6F /* View */ = {
			isa = PBXGroup;
			children = (
				C685573D2838C5DE00594C6F /* CustomCell */,
				C685573E2838C5E600594C6F /* Stroryboard */,
			);
			path = View;
			sourceTree = "<group>";
		};
		C685573C2838C5BD00594C6F /* Helpers */ = {
			isa = PBXGroup;
			children = (
				C685573F2838C61D00594C6F /* Constants.swift */,
				C68557442838C7B400594C6F /* DeviceConfig.swift */,
				C68557422838C74F00594C6F /* VCExtension.swift */,
				C68557462838C85A00594C6F /* LabelExtension.swift */,
				C68557482838C90900594C6F /* TextFieldExtension.swift */,
			);
			path = Helpers;
			sourceTree = "<group>";
		};
		C685573D2838C5DE00594C6F /* CustomCell */ = {
			isa = PBXGroup;
			children = (
			);
			path = CustomCell;
			sourceTree = "<group>";
		};
		C685573E2838C5E600594C6F /* Stroryboard */ = {
			isa = PBXGroup;
			children = (
				C685572F2838C03600594C6F /* LaunchScreen.storyboard */,
				C68557272838C03200594C6F /* Main.storyboard */,
			);
			path = Stroryboard;
			sourceTree = "<group>";
		};
		C685574C2838CD0000594C6F /* Fonts */ = {
			isa = PBXGroup;
			children = (
				C685574D2838CD1800594C6F /* RIDIBatang.otf */,
			);
			path = Fonts;
			sourceTree = "<group>";
		};
/* End PBXGroup section */

/* Begin PBXNativeTarget section */
		C685571D2838C03200594C6F /* paperAirplane */ = {
			isa = PBXNativeTarget;
			buildConfigurationList = C68557352838C03600594C6F /* Build configuration list for PBXNativeTarget "paperAirplane" */;
			buildPhases = (
				C685571A2838C03200594C6F /* Sources */,
				C685571B2838C03200594C6F /* Frameworks */,
				C685571C2838C03200594C6F /* Resources */,
			);
			buildRules = (
			);
			dependencies = (
			);
			name = paperAirplane;
			productName = paperAirplane;
			productReference = C685571E2838C03200594C6F /* paperAirplane.app */;
			productType = "com.apple.product-type.application";
		};
/* End PBXNativeTarget section */

/* Begin PBXProject section */
		C68557162838C03200594C6F /* Project object */ = {
			isa = PBXProject;
			attributes = {
				BuildIndependentTargetsInParallel = 1;
				LastSwiftUpdateCheck = 1340;
				LastUpgradeCheck = 1340;
				TargetAttributes = {
					C685571D2838C03200594C6F = {
						CreatedOnToolsVersion = 13.4;
					};
				};
			};
			buildConfigurationList = C68557192838C03200594C6F /* Build configuration list for PBXProject "paperAirplane" */;
			compatibilityVersion = "Xcode 13.0";
			developmentRegion = en;
			hasScannedForEncodings = 0;
			knownRegions = (
				en,
				Base,
			);
			mainGroup = C68557152838C03200594C6F;
			productRefGroup = C685571F2838C03200594C6F /* Products */;
			projectDirPath = "";
			projectRoot = "";
			targets = (
				C685571D2838C03200594C6F /* paperAirplane */,
			);
		};
/* End PBXProject section */

/* Begin PBXResourcesBuildPhase section */
		C685571C2838C03200594C6F /* Resources */ = {
			isa = PBXResourcesBuildPhase;
			buildActionMask = 2147483647;
			files = (
				C68557312838C03600594C6F /* LaunchScreen.storyboard in Resources */,
				C685572E2838C03500594C6F /* Assets.xcassets in Resources */,
				C68557292838C03200594C6F /* Main.storyboard in Resources */,
			);
			runOnlyForDeploymentPostprocessing = 0;
		};
/* End PBXResourcesBuildPhase section */

/* Begin PBXSourcesBuildPhase section */
		C685571A2838C03200594C6F /* Sources */ = {
			isa = PBXSourcesBuildPhase;
			buildActionMask = 2147483647;
			files = (
				C68557492838C90900594C6F /* TextFieldExtension.swift in Sources */,
				C68557402838C61D00594C6F /* Constants.swift in Sources */,
				C68557452838C7B400594C6F /* DeviceConfig.swift in Sources */,
				C68557262838C03200594C6F /* MainViewController.swift in Sources */,
				C68557432838C74F00594C6F /* VCExtension.swift in Sources */,
				C685574B2838CCAE00594C6F /* StartViewController.swift in Sources */,
				C68557472838C85A00594C6F /* LabelExtension.swift in Sources */,
				C68557222838C03200594C6F /* AppDelegate.swift in Sources */,
				C685572C2838C03200594C6F /* paperAirplane.xcdatamodeld in Sources */,
				C68557242838C03200594C6F /* SceneDelegate.swift in Sources */,
			);
			runOnlyForDeploymentPostprocessing = 0;
		};
/* End PBXSourcesBuildPhase section */

/* Begin PBXVariantGroup section */
		C68557272838C03200594C6F /* Main.storyboard */ = {
			isa = PBXVariantGroup;
			children = (
				C68557282838C03200594C6F /* Base */,
			);
			name = Main.storyboard;
			sourceTree = "<group>";
		};
		C685572F2838C03600594C6F /* LaunchScreen.storyboard */ = {
			isa = PBXVariantGroup;
			children = (
				C68557302838C03600594C6F /* Base */,
			);
			name = LaunchScreen.storyboard;
			sourceTree = "<group>";
		};
/* End PBXVariantGroup section */

/* Begin XCBuildConfiguration section */
		C68557332838C03600594C6F /* Debug */ = {
			isa = XCBuildConfiguration;
			buildSettings = {
				ALWAYS_SEARCH_USER_PATHS = NO;
				CLANG_ANALYZER_NONNULL = YES;
				CLANG_ANALYZER_NUMBER_OBJECT_CONVERSION = YES_AGGRESSIVE;
				CLANG_CXX_LANGUAGE_STANDARD = "gnu++17";
				CLANG_ENABLE_MODULES = YES;
				CLANG_ENABLE_OBJC_ARC = YES;
				CLANG_ENABLE_OBJC_WEAK = YES;
				CLANG_WARN_BLOCK_CAPTURE_AUTORELEASING = YES;
				CLANG_WARN_BOOL_CONVERSION = YES;
				CLANG_WARN_COMMA = YES;
				CLANG_WARN_CONSTANT_CONVERSION = YES;
				CLANG_WARN_DEPRECATED_OBJC_IMPLEMENTATIONS = YES;
				CLANG_WARN_DIRECT_OBJC_ISA_USAGE = YES_ERROR;
				CLANG_WARN_DOCUMENTATION_COMMENTS = YES;
				CLANG_WARN_EMPTY_BODY = YES;
				CLANG_WARN_ENUM_CONVERSION = YES;
				CLANG_WARN_INFINITE_RECURSION = YES;
				CLANG_WARN_INT_CONVERSION = YES;
				CLANG_WARN_NON_LITERAL_NULL_CONVERSION = YES;
				CLANG_WARN_OBJC_IMPLICIT_RETAIN_SELF = YES;
				CLANG_WARN_OBJC_LITERAL_CONVERSION = YES;
				CLANG_WARN_OBJC_ROOT_CLASS = YES_ERROR;
				CLANG_WARN_QUOTED_INCLUDE_IN_FRAMEWORK_HEADER = YES;
				CLANG_WARN_RANGE_LOOP_ANALYSIS = YES;
				CLANG_WARN_STRICT_PROTOTYPES = YES;
				CLANG_WARN_SUSPICIOUS_MOVE = YES;
				CLANG_WARN_UNGUARDED_AVAILABILITY = YES_AGGRESSIVE;
				CLANG_WARN_UNREACHABLE_CODE = YES;
				CLANG_WARN__DUPLICATE_METHOD_MATCH = YES;
				COPY_PHASE_STRIP = NO;
				DEBUG_INFORMATION_FORMAT = dwarf;
				ENABLE_STRICT_OBJC_MSGSEND = YES;
				ENABLE_TESTABILITY = YES;
				GCC_C_LANGUAGE_STANDARD = gnu11;
				GCC_DYNAMIC_NO_PIC = NO;
				GCC_NO_COMMON_BLOCKS = YES;
				GCC_OPTIMIZATION_LEVEL = 0;
				GCC_PREPROCESSOR_DEFINITIONS = (
					"DEBUG=1",
					"$(inherited)",
				);
				GCC_WARN_64_TO_32_BIT_CONVERSION = YES;
				GCC_WARN_ABOUT_RETURN_TYPE = YES_ERROR;
				GCC_WARN_UNDECLARED_SELECTOR = YES;
				GCC_WARN_UNINITIALIZED_AUTOS = YES_AGGRESSIVE;
				GCC_WARN_UNUSED_FUNCTION = YES;
				GCC_WARN_UNUSED_VARIABLE = YES;
				IPHONEOS_DEPLOYMENT_TARGET = 15.5;
				MTL_ENABLE_DEBUG_INFO = INCLUDE_SOURCE;
				MTL_FAST_MATH = YES;
				ONLY_ACTIVE_ARCH = YES;
				SDKROOT = iphoneos;
				SWIFT_ACTIVE_COMPILATION_CONDITIONS = DEBUG;
				SWIFT_OPTIMIZATION_LEVEL = "-Onone";
			};
			name = Debug;
		};
		C68557342838C03600594C6F /* Release */ = {
			isa = XCBuildConfiguration;
			buildSettings = {
				ALWAYS_SEARCH_USER_PATHS = NO;
				CLANG_ANALYZER_NONNULL = YES;
				CLANG_ANALYZER_NUMBER_OBJECT_CONVERSION = YES_AGGRESSIVE;
				CLANG_CXX_LANGUAGE_STANDARD = "gnu++17";
				CLANG_ENABLE_MODULES = YES;
				CLANG_ENABLE_OBJC_ARC = YES;
				CLANG_ENABLE_OBJC_WEAK = YES;
				CLANG_WARN_BLOCK_CAPTURE_AUTORELEASING = YES;
				CLANG_WARN_BOOL_CONVERSION = YES;
				CLANG_WARN_COMMA = YES;
				CLANG_WARN_CONSTANT_CONVERSION = YES;
				CLANG_WARN_DEPRECATED_OBJC_IMPLEMENTATIONS = YES;
				CLANG_WARN_DIRECT_OBJC_ISA_USAGE = YES_ERROR;
				CLANG_WARN_DOCUMENTATION_COMMENTS = YES;
				CLANG_WARN_EMPTY_BODY = YES;
				CLANG_WARN_ENUM_CONVERSION = YES;
				CLANG_WARN_INFINITE_RECURSION = YES;
				CLANG_WARN_INT_CONVERSION = YES;
				CLANG_WARN_NON_LITERAL_NULL_CONVERSION = YES;
				CLANG_WARN_OBJC_IMPLICIT_RETAIN_SELF = YES;
				CLANG_WARN_OBJC_LITERAL_CONVERSION = YES;
				CLANG_WARN_OBJC_ROOT_CLASS = YES_ERROR;
				CLANG_WARN_QUOTED_INCLUDE_IN_FRAMEWORK_HEADER = YES;
				CLANG_WARN_RANGE_LOOP_ANALYSIS = YES;
				CLANG_WARN_STRICT_PROTOTYPES = YES;
				CLANG_WARN_SUSPICIOUS_MOVE = YES;
				CLANG_WARN_UNGUARDED_AVAILABILITY = YES_AGGRESSIVE;
				CLANG_WARN_UNREACHABLE_CODE = YES;
				CLANG_WARN__DUPLICATE_METHOD_MATCH = YES;
				COPY_PHASE_STRIP = NO;
				DEBUG_INFORMATION_FORMAT = "dwarf-with-dsym";
				ENABLE_NS_ASSERTIONS = NO;
				ENABLE_STRICT_OBJC_MSGSEND = YES;
				GCC_C_LANGUAGE_STANDARD = gnu11;
				GCC_NO_COMMON_BLOCKS = YES;
				GCC_WARN_64_TO_32_BIT_CONVERSION = YES;
				GCC_WARN_ABOUT_RETURN_TYPE = YES_ERROR;
				GCC_WARN_UNDECLARED_SELECTOR = YES;
				GCC_WARN_UNINITIALIZED_AUTOS = YES_AGGRESSIVE;
				GCC_WARN_UNUSED_FUNCTION = YES;
				GCC_WARN_UNUSED_VARIABLE = YES;
				IPHONEOS_DEPLOYMENT_TARGET = 15.5;
				MTL_ENABLE_DEBUG_INFO = NO;
				MTL_FAST_MATH = YES;
				SDKROOT = iphoneos;
				SWIFT_COMPILATION_MODE = wholemodule;
				SWIFT_OPTIMIZATION_LEVEL = "-O";
				VALIDATE_PRODUCT = YES;
			};
			name = Release;
		};
		C68557362838C03600594C6F /* Debug */ = {
			isa = XCBuildConfiguration;
			buildSettings = {
				ASSETCATALOG_COMPILER_APPICON_NAME = AppIcon;
				ASSETCATALOG_COMPILER_GLOBAL_ACCENT_COLOR_NAME = AccentColor;
				CODE_SIGN_STYLE = Automatic;
				CURRENT_PROJECT_VERSION = 1;
				DEVELOPMENT_TEAM = 6JLYLDSW4U;
				GENERATE_INFOPLIST_FILE = YES;
				INFOPLIST_FILE = paperAirplane/Info.plist;
				INFOPLIST_KEY_UIApplicationSupportsIndirectInputEvents = YES;
				INFOPLIST_KEY_UILaunchStoryboardName = LaunchScreen;
				INFOPLIST_KEY_UIMainStoryboardFile = Main;
				INFOPLIST_KEY_UISupportedInterfaceOrientations_iPad = "UIInterfaceOrientationPortrait UIInterfaceOrientationPortraitUpsideDown UIInterfaceOrientationLandscapeLeft UIInterfaceOrientationLandscapeRight";
				INFOPLIST_KEY_UISupportedInterfaceOrientations_iPhone = "UIInterfaceOrientationPortrait UIInterfaceOrientationLandscapeLeft UIInterfaceOrientationLandscapeRight";
				LD_RUNPATH_SEARCH_PATHS = (
					"$(inherited)",
					"@executable_path/Frameworks",
				);
				MARKETING_VERSION = 1.0;
				PRODUCT_BUNDLE_IDENTIFIER = dubu2.paperAirplane;
				PRODUCT_NAME = "$(TARGET_NAME)";
				SWIFT_EMIT_LOC_STRINGS = YES;
				SWIFT_VERSION = 5.0;
				TARGETED_DEVICE_FAMILY = 1;
			};
			name = Debug;
		};
		C68557372838C03600594C6F /* Release */ = {
			isa = XCBuildConfiguration;
			buildSettings = {
				ASSETCATALOG_COMPILER_APPICON_NAME = AppIcon;
				ASSETCATALOG_COMPILER_GLOBAL_ACCENT_COLOR_NAME = AccentColor;
				CODE_SIGN_STYLE = Automatic;
				CURRENT_PROJECT_VERSION = 1;
				DEVELOPMENT_TEAM = 6JLYLDSW4U;
				GENERATE_INFOPLIST_FILE = YES;
				INFOPLIST_FILE = paperAirplane/Info.plist;
				INFOPLIST_KEY_UIApplicationSupportsIndirectInputEvents = YES;
				INFOPLIST_KEY_UILaunchStoryboardName = LaunchScreen;
				INFOPLIST_KEY_UIMainStoryboardFile = Main;
				INFOPLIST_KEY_UISupportedInterfaceOrientations_iPad = "UIInterfaceOrientationPortrait UIInterfaceOrientationPortraitUpsideDown UIInterfaceOrientationLandscapeLeft UIInterfaceOrientationLandscapeRight";
				INFOPLIST_KEY_UISupportedInterfaceOrientations_iPhone = "UIInterfaceOrientationPortrait UIInterfaceOrientationLandscapeLeft UIInterfaceOrientationLandscapeRight";
				LD_RUNPATH_SEARCH_PATHS = (
					"$(inherited)",
					"@executable_path/Frameworks",
				);
				MARKETING_VERSION = 1.0;
				PRODUCT_BUNDLE_IDENTIFIER = dubu2.paperAirplane;
				PRODUCT_NAME = "$(TARGET_NAME)";
				SWIFT_EMIT_LOC_STRINGS = YES;
				SWIFT_VERSION = 5.0;
				TARGETED_DEVICE_FAMILY = 1;
			};
			name = Release;
		};
/* End XCBuildConfiguration section */

/* Begin XCConfigurationList section */
		C68557192838C03200594C6F /* Build configuration list for PBXProject "paperAirplane" */ = {
			isa = XCConfigurationList;
			buildConfigurations = (
				C68557332838C03600594C6F /* Debug */,
				C68557342838C03600594C6F /* Release */,
			);
			defaultConfigurationIsVisible = 0;
			defaultConfigurationName = Release;
		};
		C68557352838C03600594C6F /* Build configuration list for PBXNativeTarget "paperAirplane" */ = {
			isa = XCConfigurationList;
			buildConfigurations = (
				C68557362838C03600594C6F /* Debug */,
				C68557372838C03600594C6F /* Release */,
			);
			defaultConfigurationIsVisible = 0;
			defaultConfigurationName = Release;
		};
/* End XCConfigurationList section */

/* Begin XCVersionGroup section */
		C685572A2838C03200594C6F /* paperAirplane.xcdatamodeld */ = {
			isa = XCVersionGroup;
			children = (
				C685572B2838C03200594C6F /* paperAirplane.xcdatamodel */,
			);
			currentVersion = C685572B2838C03200594C6F /* paperAirplane.xcdatamodel */;
			path = paperAirplane.xcdatamodeld;
			sourceTree = "<group>";
			versionGroupType = wrapper.xcdatamodel;
		};
/* End XCVersionGroup section */
	};
	rootObject = C68557162838C03200594C6F /* Project object */;
}
